{
  "name": "wise-content-factory",
  "version": "0.1.0",
  "lockfileVersion": 3,
  "requires": true,
  "packages": {
    "": {
      "name": "wise-content-factory",
      "version": "0.1.0",
      "license": "UNLICENSED",
      "workspaces": [
        "packages/*"
      ],
      "engines": {
        "node": ">=18.0.0"
      }
    },
    "node_modules/@wcf/agents": {
      "resolved": "packages/agents",
      "link": true
    },
    "node_modules/@wcf/core": {
      "resolved": "packages/core",
      "link": true
    },
    "node_modules/@wcf/engines": {
      "resolved": "packages/engines",
      "link": true
    },
    "node_modules/@wcf/infrastructure": {
      "resolved": "packages/infrastructure",
      "link": true
    },
    "node_modules/@wcf/providers": {
      "resolved": "packages/providers",
      "link": true
    },
    "packages/agents": {
      "name": "@wcf/agents",
      "version": "0.1.0",
      "dependencies": {
        "@wcf/core": "0.1.0"
      },
      "devDependencies": {
        "@wcf/engines": "0.1.0",
        "@wcf/infrastructure": "0.1.0",
        "@wcf/providers": "0.1.0"
      }
    },
    "packages/core": {
      "name": "@wcf/core",
      "version": "0.1.0"
    },
    "packages/engines": {
      "name": "@wcf/engines",
      "version": "0.1.0",
      "dependencies": {
        "@wcf/core": "0.1.0"
      }
    },
    "packages/infrastructure": {
      "name": "@wcf/infrastructure",
      "version": "0.1.0",
      "dependencies": {
        "@wcf/core": "0.1.0"
      }
    },
    "packages/providers": {
      "name": "@wcf/providers",
      "version": "0.1.0"
    }
  }
}
